// !$*UTF8*$!
{
	archiveVersion = 1;
	classes = {
	};
	objectVersion = 50;
	objects = {

/* Begin PBXBuildFile section */
		A85924E92311A54200BB06FA /* AppDelegate.swift in Sources */ = {isa = PBXBuildFile; fileRef = A85924E82311A54200BB06FA /* AppDelegate.swift */; };
		A85924EB2311A54200BB06FA /* ViewController.swift in Sources */ = {isa = PBXBuildFile; fileRef = A85924EA2311A54200BB06FA /* ViewController.swift */; };
		A85924EE2311A54200BB06FA /* Main.storyboard in Resources */ = {isa = PBXBuildFile; fileRef = A85924EC2311A54200BB06FA /* Main.storyboard */; };
		A85924F12311A54200BB06FA /* KeyBoard2Demo.xcdatamodeld in Sources */ = {isa = PBXBuildFile; fileRef = A85924EF2311A54200BB06FA /* KeyBoard2Demo.xcdatamodeld */; };
		A85924F32311A54400BB06FA /* Assets.xcassets in Resources */ = {isa = PBXBuildFile; fileRef = A85924F22311A54400BB06FA /* Assets.xcassets */; };
		A85924F62311A54400BB06FA /* LaunchScreen.storyboard in Resources */ = {isa = PBXBuildFile; fileRef = A85924F42311A54400BB06FA /* LaunchScreen.storyboard */; };
/* End PBXBuildFile section */

/* Begin PBXFileReference section */
		A85924E52311A54200BB06FA /* KeyBoard2Demo.app */ = {isa = PBXFileReference; explicitFileType = wrapper.application; includeInIndex = 0; path = KeyBoard2Demo.app; sourceTree = BUILT_PRODUCTS_DIR; };
		A85924E82311A54200BB06FA /* AppDelegate.swift */ = {isa = PBXFileReference; lastKnownFileType = sourcecode.swift; path = AppDelegate.swift; sourceTree = "<group>"; };
		A85924EA2311A54200BB06FA /* ViewController.swift */ = {isa = PBXFileReference; lastKnownFileType = sourcecode.swift; path = ViewController.swift; sourceTree = "<group>"; };
		A85924ED2311A54200BB06FA /* Base */ = {isa = PBXFileReference; lastKnownFileType = file.storyboard; name = Base; path = Base.lproj/Main.storyboard; sourceTree = "<group>"; };
		A85924F02311A54200BB06FA /* KeyBoard2Demo.xcdatamodel */ = {isa = PBXFileReference; lastKnownFileType = wrapper.xcdatamodel; path = KeyBoard2Demo.xcdatamodel; sourceTree = "<group>"; };
		A85924F22311A54400BB06FA /* Assets.xcassets */ = {isa = PBXFileReference; lastKnownFileType = folder.assetcatalog; path = Assets.xcassets; sourceTree = "<group>"; };
		A85924F52311A54400BB06FA /* Base */ = {isa = PBXFileReference; lastKnownFileType = file.storyboard; name = Base; path = Base.lproj/LaunchScreen.storyboard; sourceTree = "<group>"; };
		A85924F72311A54400BB06FA /* Info.plist */ = {isa = PBXFileReference; lastKnownFileType = text.plist.xml; path = Info.plist; sourceTree = "<group>"; };
/* End PBXFileReference section */

/* Begin PBXFrameworksBuildPhase section */
		A85924E22311A54200BB06FA /* Frameworks */ = {
			isa = PBXFrameworksBuildPhase;
			buildActionMask = 2147483647;
			files = (
			);
			runOnlyForDeploymentPostprocessing = 0;
		};
/* End PBXFrameworksBuildPhase section */

/* Begin PBXGroup section */
		A85924DC2311A54200BB06FA = {
			isa = PBXGroup;
			children = (
				A85924E72311A54200BB06FA /* KeyBoard2Demo */,
				A85924E62311A54200BB06FA /* Products */,
			);
			sourceTree = "<group>";
		};
		A85924E62311A54200BB06FA /* Products */ = {
			isa = PBXGroup;
			children = (
				A85924E52311A54200BB06FA /* KeyBoard2Demo.app */,
			);
			name = Products;
			sourceTree = "<group>";
		};
		A85924E72311A54200BB06FA /* KeyBoard2Demo */ = {
			isa = PBXGroup;
			children = (
				A85924E82311A54200BB06FA /* AppDelegate.swift */,
				A85924EA2311A54200BB06FA /* ViewController.swift */,
				A85924EC2311A54200BB06FA /* Main.storyboard */,
				A85924F22311A54400BB06FA /* Assets.xcassets */,
				A85924F42311A54400BB06FA /* LaunchScreen.storyboard */,
				A85924F72311A54400BB06FA /* Info.plist */,
				A85924EF2311A54200BB06FA /* KeyBoard2Demo.xcdatamodeld */,
			);
			path = KeyBoard2Demo;
			sourceTree = "<group>";
		};
/* End PBXGroup section */

/* Begin PBXNativeTarget section */
		A85924E42311A54200BB06FA /* KeyBoard2Demo */ = {
			isa = PBXNativeTarget;
			buildConfigurationList = A85924FA2311A54400BB06FA /* Build configuration list for PBXNativeTarget "KeyBoard2Demo" */;
			buildPhases = (
				A85924E12311A54200BB06FA /* Sources */,
				A85924E22311A54200BB06FA /* Frameworks */,
				A85924E32311A54200BB06FA /* Resources */,
			);
			buildRules = (
			);
			dependencies = (
			);
			name = KeyBoard2Demo;
			productName = KeyBoard2Demo;
			productReference = A85924E52311A54200BB06FA /* KeyBoard2Demo.app */;
			productType = "com.apple.product-type.application";
		};
/* End PBXNativeTarget section */

/* Begin PBXProject section */
		A85924DD2311A54200BB06FA /* Project object */ = {
			isa = PBXProject;
			attributes = {
				LastSwiftUpdateCheck = 1020;
				LastUpgradeCheck = 1020;
				ORGANIZATIONNAME = Joy;
				TargetAttributes = {
					A85924E42311A54200BB06FA = {
						CreatedOnToolsVersion = 10.2.1;
					};
				};
			};
			buildConfigurationList = A85924E02311A54200BB06FA /* Build configuration list for PBXProject "KeyBoard2Demo" */;
			compatibilityVersion = "Xcode 9.3";
			developmentRegion = en;
			hasScannedForEncodings = 0;
			knownRegions = (
				en,
				Base,
			);
			mainGroup = A85924DC2311A54200BB06FA;
			productRefGroup = A85924E62311A54200BB06FA /* Products */;
			projectDirPath = "";
			projectRoot = "";
			targets = (
				A85924E42311A54200BB06FA /* KeyBoard2Demo */,
			);
		};
/* End PBXProject section */

/* Begin PBXResourcesBuildPhase section */
		A85924E32311A54200BB06FA /* Resources */ = {
			isa = PBXResourcesBuildPhase;
			buildActionMask = 2147483647;
			files = (
				A85924F62311A54400BB06FA /* LaunchScreen.storyboard in Resources */,
				A85924F32311A54400BB06FA /* Assets.xcassets in Resources */,
				A85924EE2311A54200BB06FA /* Main.storyboard in Resources */,
			);
			runOnlyForDeploymentPostprocessing = 0;
		};
/* End PBXResourcesBuildPhase section */

/* Begin PBXSourcesBuildPhase section */
		A85924E12311A54200BB06FA /* Sources */ = {
			isa = PBXSourcesBuildPhase;
			buildActionMask = 2147483647;
			files = (
				A85924EB2311A54200BB06FA /* ViewController.swift in Sources */,
				A85924F12311A54200BB06FA /* KeyBoard2Demo.xcdatamodeld in Sources */,
				A85924E92311A54200BB06FA /* AppDelegate.swift in Sources */,
			);
			runOnlyForDeploymentPostprocessing = 0;
		};
/* End PBXSourcesBuildPhase section */

/* Begin PBXVariantGroup section */
		A85924EC2311A54200BB06FA /* Main.storyboard */ = {
			isa = PBXVariantGroup;
			children = (
				A85924ED2311A54200BB06FA /* Base */,
			);
			name = Main.storyboard;
			sourceTree = "<group>";
		};
		A85924F42311A54400BB06FA /* LaunchScreen.storyboard */ = {
			isa = PBXVariantGroup;
			children = (
				A85924F52311A54400BB06FA /* Base */,
			);
			name = LaunchScreen.storyboard;
			sourceTree = "<group>";
		};
/* End PBXVariantGroup section */

/* Begin XCBuildConfiguration section */
		A85924F82311A54400BB06FA /* Debug */ = {
			isa = XCBuildConfiguration;
			buildSettings = {
				ALWAYS_SEARCH_USER_PATHS = NO;
				CLANG_ANALYZER_NONNULL = YES;
				CLANG_ANALYZER_NUMBER_OBJECT_CONVERSION = YES_AGGRESSIVE;
				CLANG_CXX_LANGUAGE_STANDARD = "gnu++14";
				CLANG_CXX_LIBRARY = "libc++";
				CLANG_ENABLE_MODULES = YES;
				CLANG_ENABLE_OBJC_ARC = YES;
				CLANG_ENABLE_OBJC_WEAK = YES;
				CLANG_WARN_BLOCK_CAPTURE_AUTORELEASING = YES;
				CLANG_WARN_BOOL_CONVERSION = YES;
				CLANG_WARN_COMMA = YES;
				CLANG_WARN_CONSTANT_CONVERSION = YES;
				CLANG_WARN_DEPRECATED_OBJC_IMPLEMENTATIONS = YES;
				CLANG_WARN_DIRECT_OBJC_ISA_USAGE = YES_ERROR;
				CLANG_WARN_DOCUMENTATION_COMMENTS = YES;
				CLANG_WARN_EMPTY_BODY = YES;
				CLANG_WARN_ENUM_CONVERSION = YES;
				CLANG_WARN_INFINITE_RECURSION = YES;
				CLANG_WARN_INT_CONVERSION = YES;
				CLANG_WARN_NON_LITERAL_NULL_CONVERSION = YES;
				CLANG_WARN_OBJC_IMPLICIT_RETAIN_SELF = YES;
				CLANG_WARN_OBJC_LITERAL_CONVERSION = YES;
				CLANG_WARN_OBJC_ROOT_CLASS = YES_ERROR;
				CLANG_WARN_RANGE_LOOP_ANALYSIS = YES;
				CLANG_WARN_STRICT_PROTOTYPES = YES;
				CLANG_WARN_SUSPICIOUS_MOVE = YES;
				CLANG_WARN_UNGUARDED_AVAILABILITY = YES_AGGRESSIVE;
				CLANG_WARN_UNREACHABLE_CODE = YES;
				CLANG_WARN__DUPLICATE_METHOD_MATCH = YES;
				CODE_SIGN_IDENTITY = "iPhone Developer";
				COPY_PHASE_STRIP = NO;
				DEBUG_INFORMATION_FORMAT = dwarf;
				ENABLE_STRICT_OBJC_MSGSEND = YES;
				ENABLE_TESTABILITY = YES;
				GCC_C_LANGUAGE_STANDARD = gnu11;
				GCC_DYNAMIC_NO_PIC = NO;
				GCC_NO_COMMON_BLOCKS = YES;
				GCC_OPTIMIZATION_LEVEL = 0;
				GCC_PREPROCESSOR_DEFINITIONS = (
					"DEBUG=1",
					"$(inherited)",
				);
				GCC_WARN_64_TO_32_BIT_CONVERSION = YES;
				GCC_WARN_ABOUT_RETURN_TYPE = YES_ERROR;
				GCC_WARN_UNDECLARED_SELECTOR = YES;
				GCC_WARN_UNINITIALIZED_AUTOS = YES_AGGRESSIVE;
				GCC_WARN_UNUSED_FUNCTION = YES;
				GCC_WARN_UNUSED_VARIABLE = YES;
				IPHONEOS_DEPLOYMENT_TARGET = 12.2;
				MTL_ENABLE_DEBUG_INFO = INCLUDE_SOURCE;
				MTL_FAST_MATH = YES;
				ONLY_ACTIVE_ARCH = YES;
				SDKROOT = iphoneos;
				SWIFT_ACTIVE_COMPILATION_CONDITIONS = DEBUG;
				SWIFT_OPTIMIZATION_LEVEL = "-Onone";
			};
			name = Debug;
		};
		A85924F92311A54400BB06FA /* Release */ = {
			isa = XCBuildConfiguration;
			buildSettings = {
				ALWAYS_SEARCH_USER_PATHS = NO;
				CLANG_ANALYZER_NONNULL = YES;
				CLANG_ANALYZER_NUMBER_OBJECT_CONVERSION = YES_AGGRESSIVE;
				CLANG_CXX_LANGUAGE_STANDARD = "gnu++14";
				CLANG_CXX_LIBRARY = "libc++";
				CLANG_ENABLE_MODULES = YES;
				CLANG_ENABLE_OBJC_ARC = YES;
				CLANG_ENABLE_OBJC_WEAK = YES;
				CLANG_WARN_BLOCK_CAPTURE_AUTORELEASING = YES;
				CLANG_WARN_BOOL_CONVERSION = YES;
				CLANG_WARN_COMMA = YES;
				CLANG_WARN_CONSTANT_CONVERSION = YES;
				CLANG_WARN_DEPRECATED_OBJC_IMPLEMENTATIONS = YES;
				CLANG_WARN_DIRECT_OBJC_ISA_USAGE = YES_ERROR;
				CLANG_WARN_DOCUMENTATION_COMMENTS = YES;
				CLANG_WARN_EMPTY_BODY = YES;
				CLANG_WARN_ENUM_CONVERSION = YES;
				CLANG_WARN_INFINITE_RECURSION = YES;
				CLANG_WARN_INT_CONVERSION = YES;
				CLANG_WARN_NON_LITERAL_NULL_CONVERSION = YES;
				CLANG_WARN_OBJC_IMPLICIT_RETAIN_SELF = YES;
				CLANG_WARN_OBJC_LITERAL_CONVERSION = YES;
				CLANG_WARN_OBJC_ROOT_CLASS = YES_ERROR;
				CLANG_WARN_RANGE_LOOP_ANALYSIS = YES;
				CLANG_WARN_STRICT_PROTOTYPES = YES;
				CLANG_WARN_SUSPICIOUS_MOVE = YES;
				CLANG_WARN_UNGUARDED_AVAILABILITY = YES_AGGRESSIVE;
				CLANG_WARN_UNREACHABLE_CODE = YES;
				CLANG_WARN__DUPLICATE_METHOD_MATCH = YES;
				CODE_SIGN_IDENTITY = "iPhone Developer";
				COPY_PHASE_STRIP = NO;
				DEBUG_INFORMATION_FORMAT = "dwarf-with-dsym";
				ENABLE_NS_ASSERTIONS = NO;
				ENABLE_STRICT_OBJC_MSGSEND = YES;
				GCC_C_LANGUAGE_STANDARD = gnu11;
				GCC_NO_COMMON_BLOCKS = YES;
				GCC_WARN_64_TO_32_BIT_CONVERSION = YES;
				GCC_WARN_ABOUT_RETURN_TYPE = YES_ERROR;
				GCC_WARN_UNDECLARED_SELECTOR = YES;
				GCC_WARN_UNINITIALIZED_AUTOS = YES_AGGRESSIVE;
				GCC_WARN_UNUSED_FUNCTION = YES;
				GCC_WARN_UNUSED_VARIABLE = YES;
				IPHONEOS_DEPLOYMENT_TARGET = 12.2;
				MTL_ENABLE_DEBUG_INFO = NO;
				MTL_FAST_MATH = YES;
				SDKROOT = iphoneos;
				SWIFT_COMPILATION_MODE = wholemodule;
				SWIFT_OPTIMIZATION_LEVEL = "-O";
				VALIDATE_PRODUCT = YES;
			};
			name = Release;
		};
		A85924FB2311A54400BB06FA /* Debug */ = {
			isa = XCBuildConfiguration;
			buildSettings = {
				ASSETCATALOG_COMPILER_APPICON_NAME = AppIcon;
				CODE_SIGN_STYLE = Automatic;
				DEVELOPMENT_TEAM = PY8GD98FSY;
				INFOPLIST_FILE = KeyBoard2Demo/Info.plist;
				LD_RUNPATH_SEARCH_PATHS = (
					"$(inherited)",
					"@executable_path/Frameworks",
				);
				PRODUCT_BUNDLE_IDENTIFIER = com.jo.KeyBoard2Demo;
				PRODUCT_NAME = "$(TARGET_NAME)";
				SWIFT_VERSION = 5.0;
				TARGETED_DEVICE_FAMILY = "1,2";
			};
			name = Debug;
		};
		A85924FC2311A54400BB06FA /* Release */ = {
			isa = XCBuildConfiguration;
			buildSettings = {
				ASSETCATALOG_COMPILER_APPICON_NAME = AppIcon;
				CODE_SIGN_STYLE = Automatic;
				DEVELOPMENT_TEAM = PY8GD98FSY;
				INFOPLIST_FILE = KeyBoard2Demo/Info.plist;
				LD_RUNPATH_SEARCH_PATHS = (
					"$(inherited)",
					"@executable_path/Frameworks",
				);
				PRODUCT_BUNDLE_IDENTIFIER = com.jo.KeyBoard2Demo;
				PRODUCT_NAME = "$(TARGET_NAME)";
				SWIFT_VERSION = 5.0;
				TARGETED_DEVICE_FAMILY = "1,2";
			};
			name = Release;
		};
/* End XCBuildConfiguration section */

/* Begin XCConfigurationList section */
		A85924E02311A54200BB06FA /* Build configuration list for PBXProject "KeyBoard2Demo" */ = {
			isa = XCConfigurationList;
			buildConfigurations = (
				A85924F82311A54400BB06FA /* Debug */,
				A85924F92311A54400BB06FA /* Release */,
			);
			defaultConfigurationIsVisible = 0;
			defaultConfigurationName = Release;
		};
		A85924FA2311A54400BB06FA /* Build configuration list for PBXNativeTarget "KeyBoard2Demo" */ = {
			isa = XCConfigurationList;
			buildConfigurations = (
				A85924FB2311A54400BB06FA /* Debug */,
				A85924FC2311A54400BB06FA /* Release */,
			);
			defaultConfigurationIsVisible = 0;
			defaultConfigurationName = Release;
		};
/* End XCConfigurationList section */

/* Begin XCVersionGroup section */
		A85924EF2311A54200BB06FA /* KeyBoard2Demo.xcdatamodeld */ = {
			isa = XCVersionGroup;
			children = (
				A85924F02311A54200BB06FA /* KeyBoard2Demo.xcdatamodel */,
			);
			currentVersion = A85924F02311A54200BB06FA /* KeyBoard2Demo.xcdatamodel */;
			path = KeyBoard2Demo.xcdatamodeld;
			sourceTree = "<group>";
			versionGroupType = wrapper.xcdatamodel;
		};
/* End XCVersionGroup section */
	};
	rootObject = A85924DD2311A54200BB06FA /* Project object */;
}
